
Microsoft Visual Studio Solution File, Format Version 12.00
# Visual Studio Version 17
VisualStudioVersion = 17.9.34728.123
MinimumVisualStudioVersion = 10.0.40219.1
Project("{9A19103F-16F7-4668-BE54-9A1E7A4F7556}") = "MichelMichels.Text.ITA1", "src\MichelMichels.Text.ITA1\MichelMichels.Text.ITA1.csproj", "{17E1E7D6-8D42-49C3-A41E-C9DF95492454}"
EndProject
Project("{9A19103F-16F7-4668-BE54-9A1E7A4F7556}") = "MichelMichels.Text.ITA1Tests", "tests\MichelMichels.Text.ITA1Tests\MichelMichels.Text.ITA1Tests.csproj", "{3FA83562-B709-4691-906F-DAFC6BD198FF}"
EndProject
Project("{2150E333-8FDC-42A3-9474-1A3956D46DE8}") = "Solution Items", "Solution Items", "{4357D778-9CF5-43DF-98F5-43A8002624D9}"
	ProjectSection(SolutionItems) = preProject
		.github\workflows\dotnet.yml = .github\workflows\dotnet.yml
		LICENSE = LICENSE
		README.md = README.md
	EndProjectSection
EndProject
Global
	GlobalSection(SolutionConfigurationPlatforms) = preSolution
		Debug|Any CPU = Debug|Any CPU
		Release|Any CPU = Release|Any CPU
	EndGlobalSection
	GlobalSection(ProjectConfigurationPlatforms) = postSolution
		{17E1E7D6-8D42-49C3-A41E-C9DF95492454}.Debug|Any CPU.ActiveCfg = Debug|Any CPU
		{17E1E7D6-8D42-49C3-A41E-C9DF95492454}.Debug|Any CPU.Build.0 = Debug|Any CPU
		{17E1E7D6-8D42-49C3-A41E-C9DF95492454}.Release|Any CPU.ActiveCfg = Release|Any CPU
		{17E1E7D6-8D42-49C3-A41E-C9DF95492454}.Release|Any CPU.Build.0 = Release|Any CPU
		{3FA83562-B709-4691-906F-DAFC6BD198FF}.Debug|Any CPU.ActiveCfg = Debug|Any CPU
		{3FA83562-B709-4691-906F-DAFC6BD198FF}.Debug|Any CPU.Build.0 = Debug|Any CPU
		{3FA83562-B709-4691-906F-DAFC6BD198FF}.Release|Any CPU.ActiveCfg = Release|Any CPU
		{3FA83562-B709-4691-906F-DAFC6BD198FF}.Release|Any CPU.Build.0 = Release|Any CPU
	EndGlobalSection
	GlobalSection(SolutionProperties) = preSolution
		HideSolutionNode = FALSE
	EndGlobalSection
	GlobalSection(ExtensibilityGlobals) = postSolution
		SolutionGuid = {F2269C47-BFC7-45E8-B9EA-5379401CA3CE}
	EndGlobalSection
EndGlobal
